{
    "version": 3,
    "terraform_version": "0.11.8",
    "serial": 29,
    "lineage": "08ee5ea5-0237-bb60-63b1-8ff7c801ebae",
    "modules": [
        {
            "path": [
                "root"
            ],
            "outputs": {
                "vpn_gateway_addresses": {
                    "sensitive": false,
                    "type": "list",
                    "value": [
                        "35.196.110.162",
                        "35.247.49.32",
                        "104.197.88.3"
                    ]
                }
            },
            "resources": {
                "google_compute_address.vpn_static_ip.0": {
                    "type": "google_compute_address",
                    "depends_on": [],
                    "primary": {
                        "id": "cloud-sdn-demo/us-east1/ohio",
                        "attributes": {
                            "address": "35.196.110.162",
                            "address_type": "EXTERNAL",
                            "creation_timestamp": "2018-12-09T17:43:24.876-08:00",
                            "description": "",
                            "id": "cloud-sdn-demo/us-east1/ohio",
                            "label_fingerprint": "42WmSpB8rSM=",
                            "labels.%": "0",
                            "name": "ohio",
                            "network_tier": "PREMIUM",
                            "project": "cloud-sdn-demo",
                            "region": "us-east1",
                            "self_link": "https://www.googleapis.com/compute/v1/projects/cloud-sdn-demo/regions/us-east1/addresses/ohio",
                            "subnetwork": "",
                            "users.#": "0"
                        },
                        "meta": {
                            "e2bfb730-ecaa-11e6-8f88-34363bc7c4c0": {
                                "create": 240000000000,
                                "delete": 240000000000,
                                "update": 240000000000
                            }
                        },
                        "tainted": false
                    },
                    "deposed": [],
                    "provider": "provider.google"
                },
                "google_compute_address.vpn_static_ip.1": {
                    "type": "google_compute_address",
                    "depends_on": [],
                    "primary": {
                        "id": "cloud-sdn-demo/us-west1/california",
                        "attributes": {
                            "address": "35.247.49.32",
                            "address_type": "EXTERNAL",
                            "creation_timestamp": "2018-12-09T17:43:24.908-08:00",
                            "description": "",
                            "id": "cloud-sdn-demo/us-west1/california",
                            "label_fingerprint": "42WmSpB8rSM=",
                            "labels.%": "0",
                            "name": "california",
                            "network_tier": "PREMIUM",
                            "project": "cloud-sdn-demo",
                            "region": "us-west1",
                            "self_link": "https://www.googleapis.com/compute/v1/projects/cloud-sdn-demo/regions/us-west1/addresses/california",
                            "subnetwork": "",
                            "users.#": "0"
                        },
                        "meta": {
                            "e2bfb730-ecaa-11e6-8f88-34363bc7c4c0": {
                                "create": 240000000000,
                                "delete": 240000000000,
                                "update": 240000000000
                            }
                        },
                        "tainted": false
                    },
                    "deposed": [],
                    "provider": "provider.google"
                },
                "google_compute_address.vpn_static_ip.2": {
                    "type": "google_compute_address",
                    "depends_on": [],
                    "primary": {
                        "id": "cloud-sdn-demo/us-central1/texas",
                        "attributes": {
                            "address": "104.197.88.3",
                            "address_type": "EXTERNAL",
                            "creation_timestamp": "2018-12-09T17:43:24.769-08:00",
                            "description": "",
                            "id": "cloud-sdn-demo/us-central1/texas",
                            "label_fingerprint": "42WmSpB8rSM=",
                            "labels.%": "0",
                            "name": "texas",
                            "network_tier": "PREMIUM",
                            "project": "cloud-sdn-demo",
                            "region": "us-central1",
                            "self_link": "https://www.googleapis.com/compute/v1/projects/cloud-sdn-demo/regions/us-central1/addresses/texas",
                            "subnetwork": "",
                            "users.#": "0"
                        },
                        "meta": {
                            "e2bfb730-ecaa-11e6-8f88-34363bc7c4c0": {
                                "create": 240000000000,
                                "delete": 240000000000,
                                "update": 240000000000
                            }
                        },
                        "tainted": false
                    },
                    "deposed": [],
                    "provider": "provider.google"
                },
                "google_compute_firewall.allow_icmp_and_ssh.0": {
                    "type": "google_compute_firewall",
                    "depends_on": [
                        "google_compute_network.networks"
                    ],
                    "primary": {
                        "id": "allow-icmp-and-ssh-ohio",
                        "attributes": {
                            "allow.#": "2",
                            "allow.1367131964.ports.#": "0",
                            "allow.1367131964.protocol": "icmp",
                            "allow.803338340.ports.#": "1",
                            "allow.803338340.ports.0": "22",
                            "allow.803338340.protocol": "tcp",
                            "creation_timestamp": "2018-12-09T17:44:20.949-08:00",
                            "deny.#": "0",
                            "description": "",
                            "destination_ranges.#": "0",
                            "direction": "INGRESS",
                            "disabled": "false",
                            "enable_logging": "false",
                            "id": "allow-icmp-and-ssh-ohio",
                            "name": "allow-icmp-and-ssh-ohio",
                            "network": "https://www.googleapis.com/compute/v1/projects/cloud-sdn-demo/global/networks/ohio",
                            "priority": "1000",
                            "project": "cloud-sdn-demo",
                            "self_link": "https://www.googleapis.com/compute/v1/projects/cloud-sdn-demo/global/firewalls/allow-icmp-and-ssh-ohio",
                            "source_ranges.#": "1",
                            "source_ranges.1080289494": "0.0.0.0/0",
                            "source_service_accounts.#": "0",
                            "source_tags.#": "0",
                            "target_service_accounts.#": "0",
                            "target_tags.#": "0"
                        },
                        "meta": {
                            "e2bfb730-ecaa-11e6-8f88-34363bc7c4c0": {
                                "create": 240000000000,
                                "delete": 240000000000,
                                "update": 240000000000
                            },
                            "schema_version": "1"
                        },
                        "tainted": false
                    },
                    "deposed": [],
                    "provider": "provider.google"
                },
                "google_compute_firewall.allow_icmp_and_ssh.1": {
                    "type": "google_compute_firewall",
                    "depends_on": [
                        "google_compute_network.networks"
                    ],
                    "primary": {
                        "id": "allow-icmp-and-ssh-california",
                        "attributes": {
                            "allow.#": "2",
                            "allow.1367131964.ports.#": "0",
                            "allow.1367131964.protocol": "icmp",
                            "allow.803338340.ports.#": "1",
                            "allow.803338340.ports.0": "22",
                            "allow.803338340.protocol": "tcp",
                            "creation_timestamp": "2018-12-09T17:44:21.209-08:00",
                            "deny.#": "0",
                            "description": "",
                            "destination_ranges.#": "0",
                            "direction": "INGRESS",
                            "disabled": "false",
                            "enable_logging": "false",
                            "id": "allow-icmp-and-ssh-california",
                            "name": "allow-icmp-and-ssh-california",
                            "network": "https://www.googleapis.com/compute/v1/projects/cloud-sdn-demo/global/networks/california",
                            "priority": "1000",
                            "project": "cloud-sdn-demo",
                            "self_link": "https://www.googleapis.com/compute/v1/projects/cloud-sdn-demo/global/firewalls/allow-icmp-and-ssh-california",
                            "source_ranges.#": "1",
                            "source_ranges.1080289494": "0.0.0.0/0",
                            "source_service_accounts.#": "0",
                            "source_tags.#": "0",
                            "target_service_accounts.#": "0",
                            "target_tags.#": "0"
                        },
                        "meta": {
                            "e2bfb730-ecaa-11e6-8f88-34363bc7c4c0": {
                                "create": 240000000000,
                                "delete": 240000000000,
                                "update": 240000000000
                            },
                            "schema_version": "1"
                        },
                        "tainted": false
                    },
                    "deposed": [],
                    "provider": "provider.google"
                },
                "google_compute_firewall.allow_icmp_and_ssh.2": {
                    "type": "google_compute_firewall",
                    "depends_on": [
                        "google_compute_network.networks"
                    ],
                    "primary": {
                        "id": "allow-icmp-and-ssh-texas",
                        "attributes": {
                            "allow.#": "2",
                            "allow.1367131964.ports.#": "0",
                            "allow.1367131964.protocol": "icmp",
                            "allow.803338340.ports.#": "1",
                            "allow.803338340.ports.0": "22",
                            "allow.803338340.protocol": "tcp",
                            "creation_timestamp": "2018-12-09T17:44:21.087-08:00",
                            "deny.#": "0",
                            "description": "",
                            "destination_ranges.#": "0",
                            "direction": "INGRESS",
                            "disabled": "false",
                            "enable_logging": "false",
                            "id": "allow-icmp-and-ssh-texas",
                            "name": "allow-icmp-and-ssh-texas",
                            "network": "https://www.googleapis.com/compute/v1/projects/cloud-sdn-demo/global/networks/texas",
                            "priority": "1000",
                            "project": "cloud-sdn-demo",
                            "self_link": "https://www.googleapis.com/compute/v1/projects/cloud-sdn-demo/global/firewalls/allow-icmp-and-ssh-texas",
                            "source_ranges.#": "1",
                            "source_ranges.1080289494": "0.0.0.0/0",
                            "source_service_accounts.#": "0",
                            "source_tags.#": "0",
                            "target_service_accounts.#": "0",
                            "target_tags.#": "0"
                        },
                        "meta": {
                            "e2bfb730-ecaa-11e6-8f88-34363bc7c4c0": {
                                "create": 240000000000,
                                "delete": 240000000000,
                                "update": 240000000000
                            },
                            "schema_version": "1"
                        },
                        "tainted": false
                    },
                    "deposed": [],
                    "provider": "provider.google"
                },
                "google_compute_forwarding_rule.fr_esp.0": {
                    "type": "google_compute_forwarding_rule",
                    "depends_on": [
                        "google_compute_address.vpn_static_ip.*",
                        "google_compute_vpn_gateway.gateways.*"
                    ],
                    "primary": {
                        "id": "ohio-fr-esp",
                        "attributes": {
                            "backend_service": "",
                            "creation_timestamp": "2018-12-09T17:44:39.058-08:00",
                            "description": "",
                            "id": "ohio-fr-esp",
                            "ip_address": "35.196.110.162",
                            "ip_protocol": "ESP",
                            "ip_version": "",
                            "label_fingerprint": "42WmSpB8rSM=",
                            "labels.%": "0",
                            "load_balancing_scheme": "EXTERNAL",
                            "name": "ohio-fr-esp",
                            "network": "",
                            "network_tier": "PREMIUM",
                            "port_range": "",
                            "ports.#": "0",
                            "project": "cloud-sdn-demo",
                            "region": "us-east1",
                            "self_link": "https://www.googleapis.com/compute/v1/projects/cloud-sdn-demo/regions/us-east1/forwardingRules/ohio-fr-esp",
                            "service_label": "",
                            "service_name": "",
                            "subnetwork": "",
                            "target": "https://www.googleapis.com/compute/v1/projects/cloud-sdn-demo/regions/us-east1/targetVpnGateways/ohio"
                        },
                        "meta": {
                            "e2bfb730-ecaa-11e6-8f88-34363bc7c4c0": {
                                "create": 240000000000,
                                "delete": 240000000000,
                                "update": 240000000000
                            }
                        },
                        "tainted": false
                    },
                    "deposed": [],
                    "provider": "provider.google"
                },
                "google_compute_forwarding_rule.fr_esp.1": {
                    "type": "google_compute_forwarding_rule",
                    "depends_on": [
                        "google_compute_address.vpn_static_ip.*",
                        "google_compute_vpn_gateway.gateways.*"
                    ],
                    "primary": {
                        "id": "california-fr-esp",
                        "attributes": {
                            "backend_service": "",
                            "creation_timestamp": "2018-12-09T17:44:33.130-08:00",
                            "description": "",
                            "id": "california-fr-esp",
                            "ip_address": "35.247.49.32",
                            "ip_protocol": "ESP",
                            "ip_version": "",
                            "label_fingerprint": "42WmSpB8rSM=",
                            "labels.%": "0",
                            "load_balancing_scheme": "EXTERNAL",
                            "name": "california-fr-esp",
                            "network": "",
                            "network_tier": "PREMIUM",
                            "port_range": "",
                            "ports.#": "0",
                            "project": "cloud-sdn-demo",
                            "region": "us-west1",
                            "self_link": "https://www.googleapis.com/compute/v1/projects/cloud-sdn-demo/regions/us-west1/forwardingRules/california-fr-esp",
                            "service_label": "",
                            "service_name": "",
                            "subnetwork": "",
                            "target": "https://www.googleapis.com/compute/v1/projects/cloud-sdn-demo/regions/us-west1/targetVpnGateways/california"
                        },
                        "meta": {
                            "e2bfb730-ecaa-11e6-8f88-34363bc7c4c0": {
                                "create": 240000000000,
                                "delete": 240000000000,
                                "update": 240000000000
                            }
                        },
                        "tainted": false
                    },
                    "deposed": [],
                    "provider": "provider.google"
                },
                "google_compute_forwarding_rule.fr_esp.2": {
                    "type": "google_compute_forwarding_rule",
                    "depends_on": [
                        "google_compute_address.vpn_static_ip.*",
                        "google_compute_vpn_gateway.gateways.*"
                    ],
                    "primary": {
                        "id": "texas-fr-esp",
                        "attributes": {
                            "backend_service": "",
                            "creation_timestamp": "2018-12-09T17:44:33.076-08:00",
                            "description": "",
                            "id": "texas-fr-esp",
                            "ip_address": "104.197.88.3",
                            "ip_protocol": "ESP",
                            "ip_version": "",
                            "label_fingerprint": "42WmSpB8rSM=",
                            "labels.%": "0",
                            "load_balancing_scheme": "EXTERNAL",
                            "name": "texas-fr-esp",
                            "network": "",
                            "network_tier": "PREMIUM",
                            "port_range": "",
                            "ports.#": "0",
                            "project": "cloud-sdn-demo",
                            "region": "us-central1",
                            "self_link": "https://www.googleapis.com/compute/v1/projects/cloud-sdn-demo/regions/us-central1/forwardingRules/texas-fr-esp",
                            "service_label": "",
                            "service_name": "",
                            "subnetwork": "",
                            "target": "https://www.googleapis.com/compute/v1/projects/cloud-sdn-demo/regions/us-central1/targetVpnGateways/texas"
                        },
                        "meta": {
                            "e2bfb730-ecaa-11e6-8f88-34363bc7c4c0": {
                                "create": 240000000000,
                                "delete": 240000000000,
                                "update": 240000000000
                            }
                        },
                        "tainted": false
                    },
                    "deposed": [],
                    "provider": "provider.google"
                },
                "google_compute_forwarding_rule.fr_udp4500.0": {
                    "type": "google_compute_forwarding_rule",
                    "depends_on": [
                        "google_compute_address.vpn_static_ip.*",
                        "google_compute_vpn_gateway.gateways.*"
                    ],
                    "primary": {
                        "id": "ohio-fr-udp4500",
                        "attributes": {
                            "backend_service": "",
                            "creation_timestamp": "2018-12-09T17:44:34.359-08:00",
                            "description": "",
                            "id": "ohio-fr-udp4500",
                            "ip_address": "35.196.110.162",
                            "ip_protocol": "UDP",
                            "ip_version": "",
                            "label_fingerprint": "42WmSpB8rSM=",
                            "labels.%": "0",
                            "load_balancing_scheme": "EXTERNAL",
                            "name": "ohio-fr-udp4500",
                            "network": "",
                            "network_tier": "PREMIUM",
                            "port_range": "4500-4500",
                            "ports.#": "0",
                            "project": "cloud-sdn-demo",
                            "region": "us-east1",
                            "self_link": "https://www.googleapis.com/compute/v1/projects/cloud-sdn-demo/regions/us-east1/forwardingRules/ohio-fr-udp4500",
                            "service_label": "",
                            "service_name": "",
                            "subnetwork": "",
                            "target": "https://www.googleapis.com/compute/v1/projects/cloud-sdn-demo/regions/us-east1/targetVpnGateways/ohio"
                        },
                        "meta": {
                            "e2bfb730-ecaa-11e6-8f88-34363bc7c4c0": {
                                "create": 240000000000,
                                "delete": 240000000000,
                                "update": 240000000000
                            }
                        },
                        "tainted": false
                    },
                    "deposed": [],
                    "provider": "provider.google"
                },
                "google_compute_forwarding_rule.fr_udp4500.1": {
                    "type": "google_compute_forwarding_rule",
                    "depends_on": [
                        "google_compute_address.vpn_static_ip.*",
                        "google_compute_vpn_gateway.gateways.*"
                    ],
                    "primary": {
                        "id": "california-fr-udp4500",
                        "attributes": {
                            "backend_service": "",
                            "creation_timestamp": "2018-12-09T17:44:38.941-08:00",
                            "description": "",
                            "id": "california-fr-udp4500",
                            "ip_address": "35.247.49.32",
                            "ip_protocol": "UDP",
                            "ip_version": "",
                            "label_fingerprint": "42WmSpB8rSM=",
                            "labels.%": "0",
                            "load_balancing_scheme": "EXTERNAL",
                            "name": "california-fr-udp4500",
                            "network": "",
                            "network_tier": "PREMIUM",
                            "port_range": "4500-4500",
                            "ports.#": "0",
                            "project": "cloud-sdn-demo",
                            "region": "us-west1",
                            "self_link": "https://www.googleapis.com/compute/v1/projects/cloud-sdn-demo/regions/us-west1/forwardingRules/california-fr-udp4500",
                            "service_label": "",
                            "service_name": "",
                            "subnetwork": "",
                            "target": "https://www.googleapis.com/compute/v1/projects/cloud-sdn-demo/regions/us-west1/targetVpnGateways/california"
                        },
                        "meta": {
                            "e2bfb730-ecaa-11e6-8f88-34363bc7c4c0": {
                                "create": 240000000000,
                                "delete": 240000000000,
                                "update": 240000000000
                            }
                        },
                        "tainted": false
                    },
                    "deposed": [],
                    "provider": "provider.google"
                },
                "google_compute_forwarding_rule.fr_udp4500.2": {
                    "type": "google_compute_forwarding_rule",
                    "depends_on": [
                        "google_compute_address.vpn_static_ip.*",
                        "google_compute_vpn_gateway.gateways.*"
                    ],
                    "primary": {
                        "id": "texas-fr-udp4500",
                        "attributes": {
                            "backend_service": "",
                            "creation_timestamp": "2018-12-09T17:44:35.156-08:00",
                            "description": "",
                            "id": "texas-fr-udp4500",
                            "ip_address": "104.197.88.3",
                            "ip_protocol": "UDP",
                            "ip_version": "",
                            "label_fingerprint": "42WmSpB8rSM=",
                            "labels.%": "0",
                            "load_balancing_scheme": "EXTERNAL",
                            "name": "texas-fr-udp4500",
                            "network": "",
                            "network_tier": "PREMIUM",
                            "port_range": "4500-4500",
                            "ports.#": "0",
                            "project": "cloud-sdn-demo",
                            "region": "us-central1",
                            "self_link": "https://www.googleapis.com/compute/v1/projects/cloud-sdn-demo/regions/us-central1/forwardingRules/texas-fr-udp4500",
                            "service_label": "",
                            "service_name": "",
                            "subnetwork": "",
                            "target": "https://www.googleapis.com/compute/v1/projects/cloud-sdn-demo/regions/us-central1/targetVpnGateways/texas"
                        },
                        "meta": {
                            "e2bfb730-ecaa-11e6-8f88-34363bc7c4c0": {
                                "create": 240000000000,
                                "delete": 240000000000,
                                "update": 240000000000
                            }
                        },
                        "tainted": false
                    },
                    "deposed": [],
                    "provider": "provider.google"
                },
                "google_compute_forwarding_rule.fr_udp500.0": {
                    "type": "google_compute_forwarding_rule",
                    "depends_on": [
                        "google_compute_address.vpn_static_ip.*",
                        "google_compute_vpn_gateway.gateways.*"
                    ],
                    "primary": {
                        "id": "ohio-fr-udp500",
                        "attributes": {
                            "backend_service": "",
                            "creation_timestamp": "2018-12-09T17:44:44.181-08:00",
                            "description": "",
                            "id": "ohio-fr-udp500",
                            "ip_address": "35.196.110.162",
                            "ip_protocol": "UDP",
                            "ip_version": "",
                            "label_fingerprint": "42WmSpB8rSM=",
                            "labels.%": "0",
                            "load_balancing_scheme": "EXTERNAL",
                            "name": "ohio-fr-udp500",
                            "network": "",
                            "network_tier": "PREMIUM",
                            "port_range": "500-500",
                            "ports.#": "0",
                            "project": "cloud-sdn-demo",
                            "region": "us-east1",
                            "self_link": "https://www.googleapis.com/compute/v1/projects/cloud-sdn-demo/regions/us-east1/forwardingRules/ohio-fr-udp500",
                            "service_label": "",
                            "service_name": "",
                            "subnetwork": "",
                            "target": "https://www.googleapis.com/compute/v1/projects/cloud-sdn-demo/regions/us-east1/targetVpnGateways/ohio"
                        },
                        "meta": {
                            "e2bfb730-ecaa-11e6-8f88-34363bc7c4c0": {
                                "create": 240000000000,
                                "delete": 240000000000,
                                "update": 240000000000
                            }
                        },
                        "tainted": false
                    },
                    "deposed": [],
                    "provider": "provider.google"
                },
                "google_compute_forwarding_rule.fr_udp500.1": {
                    "type": "google_compute_forwarding_rule",
                    "depends_on": [
                        "google_compute_address.vpn_static_ip.*",
                        "google_compute_vpn_gateway.gateways.*"
                    ],
                    "primary": {
                        "id": "california-fr-udp500",
                        "attributes": {
                            "backend_service": "",
                            "creation_timestamp": "2018-12-09T17:44:32.641-08:00",
                            "description": "",
                            "id": "california-fr-udp500",
                            "ip_address": "35.247.49.32",
                            "ip_protocol": "UDP",
                            "ip_version": "",
                            "label_fingerprint": "42WmSpB8rSM=",
                            "labels.%": "0",
                            "load_balancing_scheme": "EXTERNAL",
                            "name": "california-fr-udp500",
                            "network": "",
                            "network_tier": "PREMIUM",
                            "port_range": "500-500",
                            "ports.#": "0",
                            "project": "cloud-sdn-demo",
                            "region": "us-west1",
                            "self_link": "https://www.googleapis.com/compute/v1/projects/cloud-sdn-demo/regions/us-west1/forwardingRules/california-fr-udp500",
                            "service_label": "",
                            "service_name": "",
                            "subnetwork": "",
                            "target": "https://www.googleapis.com/compute/v1/projects/cloud-sdn-demo/regions/us-west1/targetVpnGateways/california"
                        },
                        "meta": {
                            "e2bfb730-ecaa-11e6-8f88-34363bc7c4c0": {
                                "create": 240000000000,
                                "delete": 240000000000,
                                "update": 240000000000
                            }
                        },
                        "tainted": false
                    },
                    "deposed": [],
                    "provider": "provider.google"
                },
                "google_compute_forwarding_rule.fr_udp500.2": {
                    "type": "google_compute_forwarding_rule",
                    "depends_on": [
                        "google_compute_address.vpn_static_ip.*",
                        "google_compute_vpn_gateway.gateways.*"
                    ],
                    "primary": {
                        "id": "texas-fr-udp500",
                        "attributes": {
                            "backend_service": "",
                            "creation_timestamp": "2018-12-09T17:44:32.501-08:00",
                            "description": "",
                            "id": "texas-fr-udp500",
                            "ip_address": "104.197.88.3",
                            "ip_protocol": "UDP",
                            "ip_version": "",
                            "label_fingerprint": "42WmSpB8rSM=",
                            "labels.%": "0",
                            "load_balancing_scheme": "EXTERNAL",
                            "name": "texas-fr-udp500",
                            "network": "",
                            "network_tier": "PREMIUM",
                            "port_range": "500-500",
                            "ports.#": "0",
                            "project": "cloud-sdn-demo",
                            "region": "us-central1",
                            "self_link": "https://www.googleapis.com/compute/v1/projects/cloud-sdn-demo/regions/us-central1/forwardingRules/texas-fr-udp500",
                            "service_label": "",
                            "service_name": "",
                            "subnetwork": "",
                            "target": "https://www.googleapis.com/compute/v1/projects/cloud-sdn-demo/regions/us-central1/targetVpnGateways/texas"
                        },
                        "meta": {
                            "e2bfb730-ecaa-11e6-8f88-34363bc7c4c0": {
                                "create": 240000000000,
                                "delete": 240000000000,
                                "update": 240000000000
                            }
                        },
                        "tainted": false
                    },
                    "deposed": [],
                    "provider": "provider.google"
                },
                "google_compute_instance.vms.0": {
                    "type": "google_compute_instance",
                    "depends_on": [
                        "google_compute_subnetwork.subnetworks"
                    ],
                    "primary": {
                        "id": "ohio",
                        "attributes": {
                            "attached_disk.#": "0",
                            "boot_disk.#": "1",
                            "boot_disk.0.auto_delete": "true",
                            "boot_disk.0.device_name": "persistent-disk-0",
                            "boot_disk.0.disk_encryption_key_raw": "",
                            "boot_disk.0.disk_encryption_key_sha256": "",
                            "boot_disk.0.initialize_params.#": "1",
                            "boot_disk.0.initialize_params.0.image": "https://www.googleapis.com/compute/v1/projects/ubuntu-os-cloud/global/images/ubuntu-1804-bionic-v20181203a",
                            "boot_disk.0.initialize_params.0.size": "10",
                            "boot_disk.0.initialize_params.0.type": "pd-standard",
                            "boot_disk.0.source": "https://www.googleapis.com/compute/v1/projects/cloud-sdn-demo/zones/us-east1-b/disks/ohio",
                            "can_ip_forward": "false",
                            "cpu_platform": "Intel Haswell",
                            "create_timeout": "4",
                            "deletion_protection": "false",
                            "guest_accelerator.#": "0",
                            "id": "ohio",
                            "instance_id": "6917054646399826934",
                            "label_fingerprint": "42WmSpB8rSM=",
                            "labels.%": "0",
                            "machine_type": "f1-micro",
                            "metadata.%": "1",
                            "metadata.enable-oslogin": "TRUE",
                            "metadata_fingerprint": "j61kD1w4H0c=",
                            "metadata_startup_script": "",
                            "min_cpu_platform": "",
                            "name": "ohio",
                            "network_interface.#": "1",
                            "network_interface.0.access_config.#": "1",
                            "network_interface.0.access_config.0.assigned_nat_ip": "104.196.38.188",
                            "network_interface.0.access_config.0.nat_ip": "104.196.38.188",
                            "network_interface.0.access_config.0.network_tier": "PREMIUM",
                            "network_interface.0.access_config.0.public_ptr_domain_name": "",
                            "network_interface.0.address": "10.5.4.2",
                            "network_interface.0.alias_ip_range.#": "0",
                            "network_interface.0.name": "nic0",
                            "network_interface.0.network": "https://www.googleapis.com/compute/v1/projects/cloud-sdn-demo/global/networks/ohio",
                            "network_interface.0.network_ip": "10.5.4.2",
                            "network_interface.0.subnetwork": "https://www.googleapis.com/compute/v1/projects/cloud-sdn-demo/regions/us-east1/subnetworks/hq",
                            "network_interface.0.subnetwork_project": "cloud-sdn-demo",
                            "project": "cloud-sdn-demo",
                            "scheduling.#": "1",
                            "scheduling.0.automatic_restart": "false",
                            "scheduling.0.on_host_maintenance": "MIGRATE",
                            "scheduling.0.preemptible": "false",
                            "scratch_disk.#": "0",
                            "self_link": "https://www.googleapis.com/compute/v1/projects/cloud-sdn-demo/zones/us-east1-b/instances/ohio",
                            "service_account.#": "0",
                            "tags.#": "0",
                            "tags_fingerprint": "42WmSpB8rSM=",
                            "zone": "us-east1-b"
                        },
                        "meta": {
                            "e2bfb730-ecaa-11e6-8f88-34363bc7c4c0": {
                                "create": 360000000000,
                                "delete": 360000000000,
                                "update": 360000000000
                            },
                            "schema_version": "6"
                        },
                        "tainted": false
                    },
                    "deposed": [],
                    "provider": "provider.google"
                },
                "google_compute_instance.vms.1": {
                    "type": "google_compute_instance",
                    "depends_on": [
                        "google_compute_subnetwork.subnetworks"
                    ],
                    "primary": {
                        "id": "california",
                        "attributes": {
                            "attached_disk.#": "0",
                            "boot_disk.#": "1",
                            "boot_disk.0.auto_delete": "true",
                            "boot_disk.0.device_name": "persistent-disk-0",
                            "boot_disk.0.disk_encryption_key_raw": "",
                            "boot_disk.0.disk_encryption_key_sha256": "",
                            "boot_disk.0.initialize_params.#": "1",
                            "boot_disk.0.initialize_params.0.image": "https://www.googleapis.com/compute/v1/projects/ubuntu-os-cloud/global/images/ubuntu-1804-bionic-v20181203a",
                            "boot_disk.0.initialize_params.0.size": "10",
                            "boot_disk.0.initialize_params.0.type": "pd-standard",
                            "boot_disk.0.source": "https://www.googleapis.com/compute/v1/projects/cloud-sdn-demo/zones/us-west1-b/disks/california",
                            "can_ip_forward": "false",
                            "cpu_platform": "Intel Broadwell",
                            "create_timeout": "4",
                            "deletion_protection": "false",
                            "guest_accelerator.#": "0",
                            "id": "california",
                            "instance_id": "7622920405394684917",
                            "label_fingerprint": "42WmSpB8rSM=",
                            "labels.%": "0",
                            "machine_type": "f1-micro",
                            "metadata.%": "1",
                            "metadata.enable-oslogin": "TRUE",
                            "metadata_fingerprint": "j61kD1w4H0c=",
                            "metadata_startup_script": "",
                            "min_cpu_platform": "",
                            "name": "california",
                            "network_interface.#": "1",
                            "network_interface.0.access_config.#": "1",
                            "network_interface.0.access_config.0.assigned_nat_ip": "35.233.131.35",
                            "network_interface.0.access_config.0.nat_ip": "35.233.131.35",
                            "network_interface.0.access_config.0.network_tier": "PREMIUM",
                            "network_interface.0.access_config.0.public_ptr_domain_name": "",
                            "network_interface.0.address": "10.4.2.2",
                            "network_interface.0.alias_ip_range.#": "0",
                            "network_interface.0.name": "nic0",
                            "network_interface.0.network": "https://www.googleapis.com/compute/v1/projects/cloud-sdn-demo/global/networks/california",
                            "network_interface.0.network_ip": "10.4.2.2",
                            "network_interface.0.subnetwork": "https://www.googleapis.com/compute/v1/projects/cloud-sdn-demo/regions/us-west1/subnetworks/satelite",
                            "network_interface.0.subnetwork_project": "cloud-sdn-demo",
                            "project": "cloud-sdn-demo",
                            "scheduling.#": "1",
                            "scheduling.0.automatic_restart": "false",
                            "scheduling.0.on_host_maintenance": "MIGRATE",
                            "scheduling.0.preemptible": "false",
                            "scratch_disk.#": "0",
                            "self_link": "https://www.googleapis.com/compute/v1/projects/cloud-sdn-demo/zones/us-west1-b/instances/california",
                            "service_account.#": "0",
                            "tags.#": "0",
                            "tags_fingerprint": "42WmSpB8rSM=",
                            "zone": "us-west1-b"
                        },
                        "meta": {
                            "e2bfb730-ecaa-11e6-8f88-34363bc7c4c0": {
                                "create": 360000000000,
                                "delete": 360000000000,
                                "update": 360000000000
                            },
                            "schema_version": "6"
                        },
                        "tainted": false
                    },
                    "deposed": [],
                    "provider": "provider.google"
                },
                "google_compute_instance.vms.2": {
                    "type": "google_compute_instance",
                    "depends_on": [
                        "google_compute_subnetwork.subnetworks"
                    ],
                    "primary": {
                        "id": "texas",
                        "attributes": {
                            "attached_disk.#": "0",
                            "boot_disk.#": "1",
                            "boot_disk.0.auto_delete": "true",
                            "boot_disk.0.device_name": "persistent-disk-0",
                            "boot_disk.0.disk_encryption_key_raw": "",
                            "boot_disk.0.disk_encryption_key_sha256": "",
                            "boot_disk.0.initialize_params.#": "1",
                            "boot_disk.0.initialize_params.0.image": "https://www.googleapis.com/compute/v1/projects/ubuntu-os-cloud/global/images/ubuntu-1804-bionic-v20181203a",
                            "boot_disk.0.initialize_params.0.size": "10",
                            "boot_disk.0.initialize_params.0.type": "pd-standard",
                            "boot_disk.0.source": "https://www.googleapis.com/compute/v1/projects/cloud-sdn-demo/zones/us-central1-b/disks/texas",
                            "can_ip_forward": "false",
                            "cpu_platform": "Intel Haswell",
                            "create_timeout": "4",
                            "deletion_protection": "false",
                            "guest_accelerator.#": "0",
                            "id": "texas",
                            "instance_id": "671583005812227061",
                            "label_fingerprint": "42WmSpB8rSM=",
                            "labels.%": "0",
                            "machine_type": "f1-micro",
                            "metadata.%": "1",
                            "metadata.enable-oslogin": "TRUE",
                            "metadata_fingerprint": "j61kD1w4H0c=",
                            "metadata_startup_script": "",
                            "min_cpu_platform": "",
                            "name": "texas",
                            "network_interface.#": "1",
                            "network_interface.0.access_config.#": "1",
                            "network_interface.0.access_config.0.assigned_nat_ip": "35.188.16.34",
                            "network_interface.0.access_config.0.nat_ip": "35.188.16.34",
                            "network_interface.0.access_config.0.network_tier": "PREMIUM",
                            "network_interface.0.access_config.0.public_ptr_domain_name": "",
                            "network_interface.0.address": "10.1.3.2",
                            "network_interface.0.alias_ip_range.#": "0",
                            "network_interface.0.name": "nic0",
                            "network_interface.0.network": "https://www.googleapis.com/compute/v1/projects/cloud-sdn-demo/global/networks/texas",
                            "network_interface.0.network_ip": "10.1.3.2",
                            "network_interface.0.subnetwork": "https://www.googleapis.com/compute/v1/projects/cloud-sdn-demo/regions/us-central1/subnetworks/warehouse",
                            "network_interface.0.subnetwork_project": "cloud-sdn-demo",
                            "project": "cloud-sdn-demo",
                            "scheduling.#": "1",
                            "scheduling.0.automatic_restart": "false",
                            "scheduling.0.on_host_maintenance": "MIGRATE",
                            "scheduling.0.preemptible": "false",
                            "scratch_disk.#": "0",
                            "self_link": "https://www.googleapis.com/compute/v1/projects/cloud-sdn-demo/zones/us-central1-b/instances/texas",
                            "service_account.#": "0",
                            "tags.#": "0",
                            "tags_fingerprint": "42WmSpB8rSM=",
                            "zone": "us-central1-b"
                        },
                        "meta": {
                            "e2bfb730-ecaa-11e6-8f88-34363bc7c4c0": {
                                "create": 360000000000,
                                "delete": 360000000000,
                                "update": 360000000000
                            },
                            "schema_version": "6"
                        },
                        "tainted": false
                    },
                    "deposed": [],
                    "provider": "provider.google"
                },
                "google_compute_network.networks.0": {
                    "type": "google_compute_network",
                    "depends_on": [],
                    "primary": {
                        "id": "ohio",
                        "attributes": {
                            "auto_create_subnetworks": "true",
                            "description": "",
                            "gateway_ipv4": "",
                            "id": "ohio",
                            "ipv4_range": "",
                            "name": "ohio",
                            "project": "cloud-sdn-demo",
                            "routing_mode": "REGIONAL",
                            "self_link": "https://www.googleapis.com/compute/v1/projects/cloud-sdn-demo/global/networks/ohio"
                        },
                        "meta": {},
                        "tainted": false
                    },
                    "deposed": [],
                    "provider": "provider.google"
                },
                "google_compute_network.networks.1": {
                    "type": "google_compute_network",
                    "depends_on": [],
                    "primary": {
                        "id": "california",
                        "attributes": {
                            "auto_create_subnetworks": "true",
                            "description": "",
                            "gateway_ipv4": "",
                            "id": "california",
                            "ipv4_range": "",
                            "name": "california",
                            "project": "cloud-sdn-demo",
                            "routing_mode": "REGIONAL",
                            "self_link": "https://www.googleapis.com/compute/v1/projects/cloud-sdn-demo/global/networks/california"
                        },
                        "meta": {},
                        "tainted": false
                    },
                    "deposed": [],
                    "provider": "provider.google"
                },
                "google_compute_network.networks.2": {
                    "type": "google_compute_network",
                    "depends_on": [],
                    "primary": {
                        "id": "texas",
                        "attributes": {
                            "auto_create_subnetworks": "true",
                            "description": "",
                            "gateway_ipv4": "",
                            "id": "texas",
                            "ipv4_range": "",
                            "name": "texas",
                            "project": "cloud-sdn-demo",
                            "routing_mode": "REGIONAL",
                            "self_link": "https://www.googleapis.com/compute/v1/projects/cloud-sdn-demo/global/networks/texas"
                        },
                        "meta": {},
                        "tainted": false
                    },
                    "deposed": [],
                    "provider": "provider.google"
                },
                "google_compute_route.central_to_east": {
                    "type": "google_compute_route",
                    "depends_on": [
                        "google_compute_vpn_tunnel.central_to_east"
                    ],
                    "primary": {
                        "id": "central-to-east",
                        "attributes": {
                            "description": "",
                            "dest_range": "10.5.4.0/24",
                            "id": "central-to-east",
                            "name": "central-to-east",
                            "network": "https://www.googleapis.com/compute/v1/projects/cloud-sdn-demo/global/networks/texas",
                            "next_hop_gateway": "",
                            "next_hop_instance": "",
                            "next_hop_ip": "",
                            "next_hop_network": "",
                            "next_hop_vpn_tunnel": "https://www.googleapis.com/compute/v1/projects/cloud-sdn-demo/regions/us-central1/vpnTunnels/central-to-east",
                            "priority": "1000",
                            "project": "cloud-sdn-demo",
                            "self_link": "https://www.googleapis.com/compute/v1/projects/cloud-sdn-demo/global/routes/central-to-east",
                            "tags.#": "0"
                        },
                        "meta": {
                            "e2bfb730-ecaa-11e6-8f88-34363bc7c4c0": {
                                "create": 240000000000,
                                "delete": 240000000000
                            }
                        },
                        "tainted": false
                    },
                    "deposed": [],
                    "provider": "provider.google"
                },
                "google_compute_route.east_to_central": {
                    "type": "google_compute_route",
                    "depends_on": [
                        "google_compute_vpn_tunnel.east_to_central"
                    ],
                    "primary": {
                        "id": "east-to-central",
                        "attributes": {
                            "description": "",
                            "dest_range": "10.1.3.0/24",
                            "id": "east-to-central",
                            "name": "east-to-central",
                            "network": "https://www.googleapis.com/compute/v1/projects/cloud-sdn-demo/global/networks/ohio",
                            "next_hop_gateway": "",
                            "next_hop_instance": "",
                            "next_hop_ip": "",
                            "next_hop_network": "",
                            "next_hop_vpn_tunnel": "https://www.googleapis.com/compute/v1/projects/cloud-sdn-demo/regions/us-east1/vpnTunnels/east-to-central",
                            "priority": "1000",
                            "project": "cloud-sdn-demo",
                            "self_link": "https://www.googleapis.com/compute/v1/projects/cloud-sdn-demo/global/routes/east-to-central",
                            "tags.#": "0"
                        },
                        "meta": {
                            "e2bfb730-ecaa-11e6-8f88-34363bc7c4c0": {
                                "create": 240000000000,
                                "delete": 240000000000
                            }
                        },
                        "tainted": false
                    },
                    "deposed": [],
                    "provider": "provider.google"
                },
                "google_compute_route.east_to_west": {
                    "type": "google_compute_route",
                    "depends_on": [
                        "google_compute_vpn_tunnel.east_to_west"
                    ],
                    "primary": {
                        "id": "east-to-west",
                        "attributes": {
                            "description": "",
                            "dest_range": "10.4.2.0/24",
                            "id": "east-to-west",
                            "name": "east-to-west",
                            "network": "https://www.googleapis.com/compute/v1/projects/cloud-sdn-demo/global/networks/ohio",
                            "next_hop_gateway": "",
                            "next_hop_instance": "",
                            "next_hop_ip": "",
                            "next_hop_network": "",
                            "next_hop_vpn_tunnel": "https://www.googleapis.com/compute/v1/projects/cloud-sdn-demo/regions/us-east1/vpnTunnels/east-to-west",
                            "priority": "1000",
                            "project": "cloud-sdn-demo",
                            "self_link": "https://www.googleapis.com/compute/v1/projects/cloud-sdn-demo/global/routes/east-to-west",
                            "tags.#": "0"
                        },
                        "meta": {
                            "e2bfb730-ecaa-11e6-8f88-34363bc7c4c0": {
                                "create": 240000000000,
                                "delete": 240000000000
                            }
                        },
                        "tainted": false
                    },
                    "deposed": [],
                    "provider": "provider.google"
                },
                "google_compute_route.west_to_east": {
                    "type": "google_compute_route",
                    "depends_on": [
                        "google_compute_vpn_tunnel.west_to_east"
                    ],
                    "primary": {
                        "id": "west-to-east",
                        "attributes": {
                            "description": "",
                            "dest_range": "10.5.4.0/24",
                            "id": "west-to-east",
                            "name": "west-to-east",
                            "network": "https://www.googleapis.com/compute/v1/projects/cloud-sdn-demo/global/networks/california",
                            "next_hop_gateway": "",
                            "next_hop_instance": "",
                            "next_hop_ip": "",
                            "next_hop_network": "",
                            "next_hop_vpn_tunnel": "https://www.googleapis.com/compute/v1/projects/cloud-sdn-demo/regions/us-west1/vpnTunnels/west-to-east",
                            "priority": "1000",
                            "project": "cloud-sdn-demo",
                            "self_link": "https://www.googleapis.com/compute/v1/projects/cloud-sdn-demo/global/routes/west-to-east",
                            "tags.#": "0"
                        },
                        "meta": {
                            "e2bfb730-ecaa-11e6-8f88-34363bc7c4c0": {
                                "create": 240000000000,
                                "delete": 240000000000
                            }
                        },
                        "tainted": false
                    },
                    "deposed": [],
                    "provider": "provider.google"
                },
                "google_compute_router.california": {
                    "type": "google_compute_router",
                    "depends_on": [
                        "google_compute_network.networks"
                    ],
                    "primary": {
                        "id": "us-west1/california",
                        "attributes": {
                            "bgp.#": "1",
                            "bgp.0.advertise_mode": "DEFAULT",
                            "bgp.0.advertised_groups.#": "0",
                            "bgp.0.advertised_ip_ranges.#": "0",
                            "bgp.0.asn": "65470",
                            "creation_timestamp": "2018-12-09T17:44:21.327-08:00",
                            "description": "",
                            "id": "us-west1/california",
                            "name": "california",
                            "network": "https://www.googleapis.com/compute/v1/projects/cloud-sdn-demo/global/networks/california",
                            "project": "cloud-sdn-demo",
                            "region": "us-west1",
                            "self_link": "https://www.googleapis.com/compute/v1/projects/cloud-sdn-demo/regions/us-west1/routers/california"
                        },
                        "meta": {
                            "e2bfb730-ecaa-11e6-8f88-34363bc7c4c0": {
                                "create": 240000000000,
                                "delete": 240000000000,
                                "update": 240000000000
                            }
                        },
                        "tainted": false
                    },
                    "deposed": [],
                    "provider": "provider.google"
                },
                "google_compute_router.texas": {
                    "type": "google_compute_router",
                    "depends_on": [
                        "google_compute_network.networks"
                    ],
                    "primary": {
                        "id": "us-central1/texas",
                        "attributes": {
                            "bgp.#": "1",
                            "bgp.0.advertise_mode": "DEFAULT",
                            "bgp.0.advertised_groups.#": "0",
                            "bgp.0.advertised_ip_ranges.#": "0",
                            "bgp.0.asn": "65503",
                            "creation_timestamp": "2018-12-09T17:44:21.401-08:00",
                            "description": "",
                            "id": "us-central1/texas",
                            "name": "texas",
                            "network": "https://www.googleapis.com/compute/v1/projects/cloud-sdn-demo/global/networks/texas",
                            "project": "cloud-sdn-demo",
                            "region": "us-central1",
                            "self_link": "https://www.googleapis.com/compute/v1/projects/cloud-sdn-demo/regions/us-central1/routers/texas"
                        },
                        "meta": {
                            "e2bfb730-ecaa-11e6-8f88-34363bc7c4c0": {
                                "create": 240000000000,
                                "delete": 240000000000,
                                "update": 240000000000
                            }
                        },
                        "tainted": false
                    },
                    "deposed": [],
                    "provider": "provider.google"
                },
                "google_compute_subnetwork.subnetworks.0": {
                    "type": "google_compute_subnetwork",
                    "depends_on": [
                        "google_compute_network.networks"
                    ],
                    "primary": {
                        "id": "us-east1/hq",
                        "attributes": {
                            "creation_timestamp": "2018-12-09T17:44:21.336-08:00",
                            "description": "",
                            "enable_flow_logs": "false",
                            "fingerprint": "PW6SLgJhVsk=",
                            "gateway_address": "10.5.4.1",
                            "id": "us-east1/hq",
                            "ip_cidr_range": "10.5.4.0/24",
                            "name": "hq",
                            "network": "https://www.googleapis.com/compute/v1/projects/cloud-sdn-demo/global/networks/ohio",
                            "private_ip_google_access": "false",
                            "project": "cloud-sdn-demo",
                            "region": "us-east1",
                            "secondary_ip_range.#": "0",
                            "self_link": "https://www.googleapis.com/compute/v1/projects/cloud-sdn-demo/regions/us-east1/subnetworks/hq"
                        },
                        "meta": {
                            "e2bfb730-ecaa-11e6-8f88-34363bc7c4c0": {
                                "create": 360000000000,
                                "delete": 360000000000,
                                "update": 360000000000
                            }
                        },
                        "tainted": false
                    },
                    "deposed": [],
                    "provider": "provider.google"
                },
                "google_compute_subnetwork.subnetworks.1": {
                    "type": "google_compute_subnetwork",
                    "depends_on": [
                        "google_compute_network.networks"
                    ],
                    "primary": {
                        "id": "us-west1/satelite",
                        "attributes": {
                            "creation_timestamp": "2018-12-09T17:44:21.300-08:00",
                            "description": "",
                            "enable_flow_logs": "false",
                            "fingerprint": "mYp_AxfSC-c=",
                            "gateway_address": "10.4.2.1",
                            "id": "us-west1/satelite",
                            "ip_cidr_range": "10.4.2.0/24",
                            "name": "satelite",
                            "network": "https://www.googleapis.com/compute/v1/projects/cloud-sdn-demo/global/networks/california",
                            "private_ip_google_access": "false",
                            "project": "cloud-sdn-demo",
                            "region": "us-west1",
                            "secondary_ip_range.#": "0",
                            "self_link": "https://www.googleapis.com/compute/v1/projects/cloud-sdn-demo/regions/us-west1/subnetworks/satelite"
                        },
                        "meta": {
                            "e2bfb730-ecaa-11e6-8f88-34363bc7c4c0": {
                                "create": 360000000000,
                                "delete": 360000000000,
                                "update": 360000000000
                            }
                        },
                        "tainted": false
                    },
                    "deposed": [],
                    "provider": "provider.google"
                },
                "google_compute_subnetwork.subnetworks.2": {
                    "type": "google_compute_subnetwork",
                    "depends_on": [
                        "google_compute_network.networks"
                    ],
                    "primary": {
                        "id": "us-central1/warehouse",
                        "attributes": {
                            "creation_timestamp": "2018-12-09T17:44:32.360-08:00",
                            "description": "",
                            "enable_flow_logs": "false",
                            "fingerprint": "k3tHm5v-dSg=",
                            "gateway_address": "10.1.3.1",
                            "id": "us-central1/warehouse",
                            "ip_cidr_range": "10.1.3.0/24",
                            "name": "warehouse",
                            "network": "https://www.googleapis.com/compute/v1/projects/cloud-sdn-demo/global/networks/texas",
                            "private_ip_google_access": "false",
                            "project": "cloud-sdn-demo",
                            "region": "us-central1",
                            "secondary_ip_range.#": "0",
                            "self_link": "https://www.googleapis.com/compute/v1/projects/cloud-sdn-demo/regions/us-central1/subnetworks/warehouse"
                        },
                        "meta": {
                            "e2bfb730-ecaa-11e6-8f88-34363bc7c4c0": {
                                "create": 360000000000,
                                "delete": 360000000000,
                                "update": 360000000000
                            }
                        },
                        "tainted": false
                    },
                    "deposed": [],
                    "provider": "provider.google"
                },
                "google_compute_vpn_gateway.gateways.0": {
                    "type": "google_compute_vpn_gateway",
                    "depends_on": [
                        "google_compute_network.networks"
                    ],
                    "primary": {
                        "id": "ohio",
                        "attributes": {
                            "creation_timestamp": "2018-12-09T17:44:21.315-08:00",
                            "description": "",
                            "id": "ohio",
                            "name": "ohio",
                            "network": "https://www.googleapis.com/compute/v1/projects/cloud-sdn-demo/global/networks/ohio",
                            "project": "cloud-sdn-demo",
                            "region": "us-east1",
                            "self_link": "https://www.googleapis.com/compute/v1/projects/cloud-sdn-demo/regions/us-east1/targetVpnGateways/ohio"
                        },
                        "meta": {
                            "e2bfb730-ecaa-11e6-8f88-34363bc7c4c0": {
                                "create": 240000000000,
                                "delete": 240000000000
                            }
                        },
                        "tainted": false
                    },
                    "deposed": [],
                    "provider": "provider.google"
                },
                "google_compute_vpn_gateway.gateways.1": {
                    "type": "google_compute_vpn_gateway",
                    "depends_on": [
                        "google_compute_network.networks"
                    ],
                    "primary": {
                        "id": "california",
                        "attributes": {
                            "creation_timestamp": "2018-12-09T17:44:21.314-08:00",
                            "description": "",
                            "id": "california",
                            "name": "california",
                            "network": "https://www.googleapis.com/compute/v1/projects/cloud-sdn-demo/global/networks/california",
                            "project": "cloud-sdn-demo",
                            "region": "us-west1",
                            "self_link": "https://www.googleapis.com/compute/v1/projects/cloud-sdn-demo/regions/us-west1/targetVpnGateways/california"
                        },
                        "meta": {
                            "e2bfb730-ecaa-11e6-8f88-34363bc7c4c0": {
                                "create": 240000000000,
                                "delete": 240000000000
                            }
                        },
                        "tainted": false
                    },
                    "deposed": [],
                    "provider": "provider.google"
                },
                "google_compute_vpn_gateway.gateways.2": {
                    "type": "google_compute_vpn_gateway",
                    "depends_on": [
                        "google_compute_network.networks"
                    ],
                    "primary": {
                        "id": "texas",
                        "attributes": {
                            "creation_timestamp": "2018-12-09T17:44:21.302-08:00",
                            "description": "",
                            "id": "texas",
                            "name": "texas",
                            "network": "https://www.googleapis.com/compute/v1/projects/cloud-sdn-demo/global/networks/texas",
                            "project": "cloud-sdn-demo",
                            "region": "us-central1",
                            "self_link": "https://www.googleapis.com/compute/v1/projects/cloud-sdn-demo/regions/us-central1/targetVpnGateways/texas"
                        },
                        "meta": {
                            "e2bfb730-ecaa-11e6-8f88-34363bc7c4c0": {
                                "create": 240000000000,
                                "delete": 240000000000
                            }
                        },
                        "tainted": false
                    },
                    "deposed": [],
                    "provider": "provider.google"
                },
                "google_compute_vpn_tunnel.central_to_east": {
                    "type": "google_compute_vpn_tunnel",
                    "depends_on": [
                        "google_compute_address.vpn_static_ip.*",
                        "google_compute_forwarding_rule.fr_esp",
                        "google_compute_forwarding_rule.fr_udp4500",
                        "google_compute_forwarding_rule.fr_udp500",
                        "google_compute_vpn_gateway.gateways.*"
                    ],
                    "primary": {
                        "id": "central-to-east",
                        "attributes": {
                            "creation_timestamp": "2018-12-09T17:44:55.313-08:00",
                            "description": "",
                            "detailed_status": "Initial handshake",
                            "id": "central-to-east",
                            "ike_version": "2",
                            "label_fingerprint": "42WmSpB8rSM=",
                            "labels.%": "0",
                            "local_traffic_selector.#": "1",
                            "local_traffic_selector.1080289494": "0.0.0.0/0",
                            "name": "central-to-east",
                            "peer_ip": "35.196.110.162",
                            "project": "cloud-sdn-demo",
                            "region": "us-central1",
                            "remote_traffic_selector.#": "1",
                            "remote_traffic_selector.1080289494": "0.0.0.0/0",
                            "router": "",
                            "self_link": "https://www.googleapis.com/compute/v1/projects/cloud-sdn-demo/regions/us-central1/vpnTunnels/central-to-east",
                            "shared_secret": "supersecretpassword123",
                            "shared_secret_hash": "AHPfrUMjDj3MgSN2baWgYddU4Ncb",
                            "target_vpn_gateway": "https://www.googleapis.com/compute/v1/projects/cloud-sdn-demo/regions/us-central1/targetVpnGateways/texas"
                        },
                        "meta": {
                            "e2bfb730-ecaa-11e6-8f88-34363bc7c4c0": {
                                "create": 240000000000,
                                "delete": 240000000000,
                                "update": 240000000000
                            }
                        },
                        "tainted": false
                    },
                    "deposed": [],
                    "provider": "provider.google"
                },
                "google_compute_vpn_tunnel.east_to_central": {
                    "type": "google_compute_vpn_tunnel",
                    "depends_on": [
                        "google_compute_address.vpn_static_ip.*",
                        "google_compute_forwarding_rule.fr_esp",
                        "google_compute_forwarding_rule.fr_udp4500",
                        "google_compute_forwarding_rule.fr_udp500",
                        "google_compute_vpn_gateway.gateways.*"
                    ],
                    "primary": {
                        "id": "east-to-central",
                        "attributes": {
                            "creation_timestamp": "2018-12-09T17:44:55.271-08:00",
                            "description": "",
                            "detailed_status": "Initial handshake",
                            "id": "east-to-central",
                            "ike_version": "2",
                            "label_fingerprint": "42WmSpB8rSM=",
                            "labels.%": "0",
                            "local_traffic_selector.#": "1",
                            "local_traffic_selector.1080289494": "0.0.0.0/0",
                            "name": "east-to-central",
                            "peer_ip": "104.197.88.3",
                            "project": "cloud-sdn-demo",
                            "region": "us-east1",
                            "remote_traffic_selector.#": "1",
                            "remote_traffic_selector.1080289494": "0.0.0.0/0",
                            "router": "",
                            "self_link": "https://www.googleapis.com/compute/v1/projects/cloud-sdn-demo/regions/us-east1/vpnTunnels/east-to-central",
                            "shared_secret": "supersecretpassword123",
                            "shared_secret_hash": "ABvbPR4ddU8UhnUWaKPU-jrn4Hiz",
                            "target_vpn_gateway": "https://www.googleapis.com/compute/v1/projects/cloud-sdn-demo/regions/us-east1/targetVpnGateways/ohio"
                        },
                        "meta": {
                            "e2bfb730-ecaa-11e6-8f88-34363bc7c4c0": {
                                "create": 240000000000,
                                "delete": 240000000000,
                                "update": 240000000000
                            }
                        },
                        "tainted": false
                    },
                    "deposed": [],
                    "provider": "provider.google"
                },
                "google_compute_vpn_tunnel.east_to_west": {
                    "type": "google_compute_vpn_tunnel",
                    "depends_on": [
                        "google_compute_address.vpn_static_ip.*",
                        "google_compute_forwarding_rule.fr_esp",
                        "google_compute_forwarding_rule.fr_udp4500",
                        "google_compute_forwarding_rule.fr_udp500",
                        "google_compute_vpn_gateway.gateways.*"
                    ],
                    "primary": {
                        "id": "east-to-west",
                        "attributes": {
                            "creation_timestamp": "2018-12-09T17:44:56.356-08:00",
                            "description": "",
                            "detailed_status": "Initial handshake",
                            "id": "east-to-west",
                            "ike_version": "2",
                            "label_fingerprint": "42WmSpB8rSM=",
                            "labels.%": "0",
                            "local_traffic_selector.#": "1",
                            "local_traffic_selector.1080289494": "0.0.0.0/0",
                            "name": "east-to-west",
                            "peer_ip": "35.247.49.32",
                            "project": "cloud-sdn-demo",
                            "region": "us-east1",
                            "remote_traffic_selector.#": "1",
                            "remote_traffic_selector.1080289494": "0.0.0.0/0",
                            "router": "",
                            "self_link": "https://www.googleapis.com/compute/v1/projects/cloud-sdn-demo/regions/us-east1/vpnTunnels/east-to-west",
                            "shared_secret": "supersecretpassword123",
                            "shared_secret_hash": "ACkw5iMva6ddIUQrYucdFUYMpDpZ",
                            "target_vpn_gateway": "https://www.googleapis.com/compute/v1/projects/cloud-sdn-demo/regions/us-east1/targetVpnGateways/ohio"
                        },
                        "meta": {
                            "e2bfb730-ecaa-11e6-8f88-34363bc7c4c0": {
                                "create": 240000000000,
                                "delete": 240000000000,
                                "update": 240000000000
                            }
                        },
                        "tainted": false
                    },
                    "deposed": [],
                    "provider": "provider.google"
                },
                "google_compute_vpn_tunnel.west_to_east": {
                    "type": "google_compute_vpn_tunnel",
                    "depends_on": [
                        "google_compute_address.vpn_static_ip.*",
                        "google_compute_forwarding_rule.fr_esp",
                        "google_compute_forwarding_rule.fr_udp4500",
                        "google_compute_forwarding_rule.fr_udp500",
                        "google_compute_vpn_gateway.gateways.*"
                    ],
                    "primary": {
                        "id": "west-to-east",
                        "attributes": {
                            "creation_timestamp": "2018-12-09T17:44:55.402-08:00",
                            "description": "",
                            "detailed_status": "Initial handshake",
                            "id": "west-to-east",
                            "ike_version": "2",
                            "label_fingerprint": "42WmSpB8rSM=",
                            "labels.%": "0",
                            "local_traffic_selector.#": "1",
                            "local_traffic_selector.1080289494": "0.0.0.0/0",
                            "name": "west-to-east",
                            "peer_ip": "35.196.110.162",
                            "project": "cloud-sdn-demo",
                            "region": "us-west1",
                            "remote_traffic_selector.#": "1",
                            "remote_traffic_selector.1080289494": "0.0.0.0/0",
                            "router": "",
                            "self_link": "https://www.googleapis.com/compute/v1/projects/cloud-sdn-demo/regions/us-west1/vpnTunnels/west-to-east",
                            "shared_secret": "supersecretpassword123",
                            "shared_secret_hash": "ADW59cPI8gDQ2uqVIGZG85E7kC_W",
                            "target_vpn_gateway": "https://www.googleapis.com/compute/v1/projects/cloud-sdn-demo/regions/us-west1/targetVpnGateways/california"
                        },
                        "meta": {
                            "e2bfb730-ecaa-11e6-8f88-34363bc7c4c0": {
                                "create": 240000000000,
                                "delete": 240000000000,
                                "update": 240000000000
                            }
                        },
                        "tainted": false
                    },
                    "deposed": [],
                    "provider": "provider.google"
                }
            },
            "depends_on": []
        }
    ]
}
